<?xml version="1.0" encoding="utf-8"?>
<Project ToolsVersion="4.0" xmlns="http://schemas.microsoft.com/developer/msbuild/2003">
  <ItemGroup>
    <Filter Include="include">
      <UniqueIdentifier>{15cfae90-168c-478f-8ca3-f9a40abc030d}</UniqueIdentifier>
    </Filter>
    <Filter Include="ui">
      <UniqueIdentifier>{9bf14145-532f-43d7-a8f1-8a4dbe0cf7fc}</UniqueIdentifier>
    </Filter>
  </ItemGroup>
  <ItemGroup>
    <ClInclude Include="..\..\..\common.h" />
    <ClInclude Include="..\..\..\sysconfig.h" />
    <ClInclude Include="..\..\..\include\wdm_dt.h">
      <Filter>include</Filter>
    </ClInclude>
    <ClInclude Include="..\..\..\include\wdm_gui.h">
      <Filter>include</Filter>
    </ClInclude>
  </ItemGroup>
  <ItemGroup>
    <ClCompile Include="..\..\..\ui\ui_main.cpp">
      <Filter>ui</Filter>
    </ClCompile>
    <ClCompile Include="..\..\..\main.cpp" />
  </ItemGroup>
</Project>